// !$*UTF8*$!
{
	archiveVersion = 1;
	classes = {
	};
	objectVersion = 46;
	objects = {

/* Begin PBXBuildFile section */
		03BBE5EB1F14BA1000DCA734 /* AppDelegate.swift in Sources */ = {isa = PBXBuildFile; fileRef = 03BBE5EA1F14BA1000DCA734 /* AppDelegate.swift */; };
		03BBE5ED1F14BA1000DCA734 /* ViewController.swift in Sources */ = {isa = PBXBuildFile; fileRef = 03BBE5EC1F14BA1000DCA734 /* ViewController.swift */; };
		03BBE5F01F14BA1000DCA734 /* Main.storyboard in Resources */ = {isa = PBXBuildFile; fileRef = 03BBE5EE1F14BA1000DCA734 /* Main.storyboard */; };
		03BBE5F21F14BA1000DCA734 /* Assets.xcassets in Resources */ = {isa = PBXBuildFile; fileRef = 03BBE5F11F14BA1000DCA734 /* Assets.xcassets */; };
		03BBE5F51F14BA1000DCA734 /* LaunchScreen.storyboard in Resources */ = {isa = PBXBuildFile; fileRef = 03BBE5F31F14BA1000DCA734 /* LaunchScreen.storyboard */; };
		03BBE60B1F14BF1B00DCA734 /* Font.swift in Sources */ = {isa = PBXBuildFile; fileRef = 03BBE6091F14BF1B00DCA734 /* Font.swift */; };
		03BBE60C1F14BF1B00DCA734 /* API.swift in Sources */ = {isa = PBXBuildFile; fileRef = 03BBE60A1F14BF1B00DCA734 /* API.swift */; };
		03BBE6111F14C32500DCA734 /* Theme.swift in Sources */ = {isa = PBXBuildFile; fileRef = 03BBE6101F14C32500DCA734 /* Theme.swift */; };
		03BBE6131F14CA0800DCA734 /* Color.swift in Sources */ = {isa = PBXBuildFile; fileRef = 03BBE6121F14CA0800DCA734 /* Color.swift */; };
		F0DF717CECB2D1F0EB33B7E2 /* Pods_TemplateSwift.framework in Frameworks */ = {isa = PBXBuildFile; fileRef = 65D01129CDB7B2D273D9DCF0 /* Pods_TemplateSwift.framework */; };
/* End PBXBuildFile section */

/* Begin PBXFileReference section */
		03BBE5E71F14BA1000DCA734 /* TemplateSwift.app */ = {isa = PBXFileReference; explicitFileType = wrapper.application; includeInIndex = 0; path = TemplateSwift.app; sourceTree = BUILT_PRODUCTS_DIR; };
		03BBE5EA1F14BA1000DCA734 /* AppDelegate.swift */ = {isa = PBXFileReference; lastKnownFileType = sourcecode.swift; path = AppDelegate.swift; sourceTree = "<group>"; };
		03BBE5EC1F14BA1000DCA734 /* ViewController.swift */ = {isa = PBXFileReference; lastKnownFileType = sourcecode.swift; path = ViewController.swift; sourceTree = "<group>"; };
		03BBE5EF1F14BA1000DCA734 /* Base */ = {isa = PBXFileReference; lastKnownFileType = file.storyboard; name = Base; path = Base.lproj/Main.storyboard; sourceTree = "<group>"; };
		03BBE5F11F14BA1000DCA734 /* Assets.xcassets */ = {isa = PBXFileReference; lastKnownFileType = folder.assetcatalog; path = Assets.xcassets; sourceTree = "<group>"; };
		03BBE5F41F14BA1000DCA734 /* Base */ = {isa = PBXFileReference; lastKnownFileType = file.storyboard; name = Base; path = Base.lproj/LaunchScreen.storyboard; sourceTree = "<group>"; };
		03BBE5F61F14BA1000DCA734 /* Info.plist */ = {isa = PBXFileReference; lastKnownFileType = text.plist.xml; path = Info.plist; sourceTree = "<group>"; };
		03BBE6091F14BF1B00DCA734 /* Font.swift */ = {isa = PBXFileReference; fileEncoding = 4; lastKnownFileType = sourcecode.swift; path = Font.swift; sourceTree = "<group>"; };
		03BBE60A1F14BF1B00DCA734 /* API.swift */ = {isa = PBXFileReference; fileEncoding = 4; lastKnownFileType = sourcecode.swift; path = API.swift; sourceTree = "<group>"; };
		03BBE6101F14C32500DCA734 /* Theme.swift */ = {isa = PBXFileReference; fileEncoding = 4; lastKnownFileType = sourcecode.swift; path = Theme.swift; sourceTree = "<group>"; };
		03BBE6121F14CA0800DCA734 /* Color.swift */ = {isa = PBXFileReference; fileEncoding = 4; lastKnownFileType = sourcecode.swift; path = Color.swift; sourceTree = "<group>"; };
		65D01129CDB7B2D273D9DCF0 /* Pods_TemplateSwift.framework */ = {isa = PBXFileReference; explicitFileType = wrapper.framework; includeInIndex = 0; path = Pods_TemplateSwift.framework; sourceTree = BUILT_PRODUCTS_DIR; };
		8A62AE367E1E9A4F8F1490B1 /* Pods-TemplateSwift.release.xcconfig */ = {isa = PBXFileReference; includeInIndex = 1; lastKnownFileType = text.xcconfig; name = "Pods-TemplateSwift.release.xcconfig"; path = "Pods/Target Support Files/Pods-TemplateSwift/Pods-TemplateSwift.release.xcconfig"; sourceTree = "<group>"; };
		DBC64AEF4E4BEF9CBC10D997 /* Pods-TemplateSwift.debug.xcconfig */ = {isa = PBXFileReference; includeInIndex = 1; lastKnownFileType = text.xcconfig; name = "Pods-TemplateSwift.debug.xcconfig"; path = "Pods/Target Support Files/Pods-TemplateSwift/Pods-TemplateSwift.debug.xcconfig"; sourceTree = "<group>"; };
/* End PBXFileReference section */

/* Begin PBXFrameworksBuildPhase section */
		03BBE5E41F14BA1000DCA734 /* Frameworks */ = {
			isa = PBXFrameworksBuildPhase;
			buildActionMask = 2147483647;
			files = (
				F0DF717CECB2D1F0EB33B7E2 /* Pods_TemplateSwift.framework in Frameworks */,
			);
			runOnlyForDeploymentPostprocessing = 0;
		};
/* End PBXFrameworksBuildPhase section */

/* Begin PBXGroup section */
		03BBE5DE1F14BA1000DCA734 = {
			isa = PBXGroup;
			children = (
				03BBE5E91F14BA1000DCA734 /* TemplateSwift */,
				03BBE5E81F14BA1000DCA734 /* Products */,
				B11764AA80DFEBF67A6E8485 /* Pods */,
				FD4A3B98BCBB638D5D6DA71E /* Frameworks */,
			);
			sourceTree = "<group>";
		};
		03BBE5E81F14BA1000DCA734 /* Products */ = {
			isa = PBXGroup;
			children = (
				03BBE5E71F14BA1000DCA734 /* TemplateSwift.app */,
			);
			name = Products;
			sourceTree = "<group>";
		};
		03BBE5E91F14BA1000DCA734 /* TemplateSwift */ = {
			isa = PBXGroup;
			children = (
				03BBE60D1F14C2A500DCA734 /* Utility */,
				03BBE6011F14BA6E00DCA734 /* Models */,
				03BBE6001F14BA6800DCA734 /* Views */,
				03BBE5FD1F14BA3500DCA734 /* Controllers */,
				03BBE5FE1F14BA4600DCA734 /* Storyboards & Xibs */,
				03BBE5FC1F14BA1D00DCA734 /* Supported Files */,
			);
			path = TemplateSwift;
			sourceTree = "<group>";
		};
		03BBE5FC1F14BA1D00DCA734 /* Supported Files */ = {
			isa = PBXGroup;
			children = (
				03BBE5EA1F14BA1000DCA734 /* AppDelegate.swift */,
				03BBE5F11F14BA1000DCA734 /* Assets.xcassets */,
				03BBE5F61F14BA1000DCA734 /* Info.plist */,
			);
			name = "Supported Files";
			sourceTree = "<group>";
		};
		03BBE5FD1F14BA3500DCA734 /* Controllers */ = {
			isa = PBXGroup;
			children = (
				03BBE60F1F14C2FE00DCA734 /* View */,
				03BBE60E1F14C2C000DCA734 /* Worlflow */,
			);
			name = Controllers;
			sourceTree = "<group>";
		};
		03BBE5FE1F14BA4600DCA734 /* Storyboards & Xibs */ = {
			isa = PBXGroup;
			children = (
				03BBE5EE1F14BA1000DCA734 /* Main.storyboard */,
				03BBE5F31F14BA1000DCA734 /* LaunchScreen.storyboard */,
			);
			name = "Storyboards & Xibs";
			sourceTree = "<group>";
		};
		03BBE6001F14BA6800DCA734 /* Views */ = {
			isa = PBXGroup;
			children = (
			);
			name = Views;
			sourceTree = "<group>";
		};
		03BBE6011F14BA6E00DCA734 /* Models */ = {
			isa = PBXGroup;
			children = (
			);
			name = Models;
			sourceTree = "<group>";
		};
		03BBE60D1F14C2A500DCA734 /* Utility */ = {
			isa = PBXGroup;
			children = (
				03BBE6091F14BF1B00DCA734 /* Font.swift */,
				03BBE6101F14C32500DCA734 /* Theme.swift */,
				03BBE6121F14CA0800DCA734 /* Color.swift */,
			);
			name = Utility;
			sourceTree = "<group>";
		};
		03BBE60E1F14C2C000DCA734 /* Worlflow */ = {
			isa = PBXGroup;
			children = (
				03BBE60A1F14BF1B00DCA734 /* API.swift */,
			);
			name = Worlflow;
			sourceTree = "<group>";
		};
		03BBE60F1F14C2FE00DCA734 /* View */ = {
			isa = PBXGroup;
			children = (
				03BBE5EC1F14BA1000DCA734 /* ViewController.swift */,
			);
			name = View;
			sourceTree = "<group>";
		};
		B11764AA80DFEBF67A6E8485 /* Pods */ = {
			isa = PBXGroup;
			children = (
				DBC64AEF4E4BEF9CBC10D997 /* Pods-TemplateSwift.debug.xcconfig */,
				8A62AE367E1E9A4F8F1490B1 /* Pods-TemplateSwift.release.xcconfig */,
			);
			name = Pods;
			sourceTree = "<group>";
		};
		FD4A3B98BCBB638D5D6DA71E /* Frameworks */ = {
			isa = PBXGroup;
			children = (
				65D01129CDB7B2D273D9DCF0 /* Pods_TemplateSwift.framework */,
			);
			name = Frameworks;
			sourceTree = "<group>";
		};
/* End PBXGroup section */

/* Begin PBXNativeTarget section */
		03BBE5E61F14BA1000DCA734 /* TemplateSwift */ = {
			isa = PBXNativeTarget;
			buildConfigurationList = 03BBE5F91F14BA1000DCA734 /* Build configuration list for PBXNativeTarget "TemplateSwift" */;
			buildPhases = (
				E008E96D331017D4BC97FAB4 /* [CP] Check Pods Manifest.lock */,
				03BBE5E31F14BA1000DCA734 /* Sources */,
				03BBE5E41F14BA1000DCA734 /* Frameworks */,
				03BBE5E51F14BA1000DCA734 /* Resources */,
				66D2E89ED37614046D76E1A9 /* [CP] Embed Pods Frameworks */,
				02BCECB30CC2F1AECBD871B4 /* [CP] Copy Pods Resources */,
			);
			buildRules = (
			);
			dependencies = (
			);
			name = TemplateSwift;
			productName = TemplateSwift;
			productReference = 03BBE5E71F14BA1000DCA734 /* TemplateSwift.app */;
			productType = "com.apple.product-type.application";
		};
/* End PBXNativeTarget section */

/* Begin PBXProject section */
		03BBE5DF1F14BA1000DCA734 /* Project object */ = {
			isa = PBXProject;
			attributes = {
				LastSwiftUpdateCheck = 0830;
				LastUpgradeCheck = 0830;
				ORGANIZATIONNAME = lvmtam;
				TargetAttributes = {
					03BBE5E61F14BA1000DCA734 = {
						CreatedOnToolsVersion = 8.3.3;
						DevelopmentTeam = Q73CZ5PD5M;
						ProvisioningStyle = Automatic;
					};
				};
			};
			buildConfigurationList = 03BBE5E21F14BA1000DCA734 /* Build configuration list for PBXProject "TemplateSwift" */;
			compatibilityVersion = "Xcode 3.2";
			developmentRegion = English;
			hasScannedForEncodings = 0;
			knownRegions = (
				en,
				Base,
			);
			mainGroup = 03BBE5DE1F14BA1000DCA734;
			productRefGroup = 03BBE5E81F14BA1000DCA734 /* Products */;
			projectDirPath = "";
			projectRoot = "";
			targets = (
				03BBE5E61F14BA1000DCA734 /* TemplateSwift */,
			);
		};
/* End PBXProject section */

/* Begin PBXResourcesBuildPhase section */
		03BBE5E51F14BA1000DCA734 /* Resources */ = {
			isa = PBXResourcesBuildPhase;
			buildActionMask = 2147483647;
			files = (
				03BBE5F51F14BA1000DCA734 /* LaunchScreen.storyboard in Resources */,
				03BBE5F21F14BA1000DCA734 /* Assets.xcassets in Resources */,
				03BBE5F01F14BA1000DCA734 /* Main.storyboard in Resources */,
			);
			runOnlyForDeploymentPostprocessing = 0;
		};
/* End PBXResourcesBuildPhase section */

/* Begin PBXShellScriptBuildPhase section */
		02BCECB30CC2F1AECBD871B4 /* [CP] Copy Pods Resources */ = {
			isa = PBXShellScriptBuildPhase;
			buildActionMask = 2147483647;
			files = (
			);
			inputPaths = (
			);
			name = "[CP] Copy Pods Resources";
			outputPaths = (
			);
			runOnlyForDeploymentPostprocessing = 0;
			shellPath = /bin/sh;
			shellScript = "\"${SRCROOT}/Pods/Target Support Files/Pods-TemplateSwift/Pods-TemplateSwift-resources.sh\"\n";
			showEnvVarsInLog = 0;
		};
		66D2E89ED37614046D76E1A9 /* [CP] Embed Pods Frameworks */ = {
			isa = PBXShellScriptBuildPhase;
			buildActionMask = 2147483647;
			files = (
			);
			inputPaths = (
			);
			name = "[CP] Embed Pods Frameworks";
			outputPaths = (
			);
			runOnlyForDeploymentPostprocessing = 0;
			shellPath = /bin/sh;
			shellScript = "\"${SRCROOT}/Pods/Target Support Files/Pods-TemplateSwift/Pods-TemplateSwift-frameworks.sh\"\n";
			showEnvVarsInLog = 0;
		};
		E008E96D331017D4BC97FAB4 /* [CP] Check Pods Manifest.lock */ = {
			isa = PBXShellScriptBuildPhase;
			buildActionMask = 2147483647;
			files = (
			);
			inputPaths = (
			);
			name = "[CP] Check Pods Manifest.lock";
			outputPaths = (
			);
			runOnlyForDeploymentPostprocessing = 0;
			shellPath = /bin/sh;
			shellScript = "diff \"${PODS_ROOT}/../Podfile.lock\" \"${PODS_ROOT}/Manifest.lock\" > /dev/null\nif [ $? != 0 ] ; then\n    # print error to STDERR\n    echo \"error: The sandbox is not in sync with the Podfile.lock. Run 'pod install' or update your CocoaPods installation.\" >&2\n    exit 1\nfi\n";
			showEnvVarsInLog = 0;
		};
/* End PBXShellScriptBuildPhase section */

/* Begin PBXSourcesBuildPhase section */
		03BBE5E31F14BA1000DCA734 /* Sources */ = {
			isa = PBXSourcesBuildPhase;
			buildActionMask = 2147483647;
			files = (
				03BBE5ED1F14BA1000DCA734 /* ViewController.swift in Sources */,
				03BBE5EB1F14BA1000DCA734 /* AppDelegate.swift in Sources */,
				03BBE6111F14C32500DCA734 /* Theme.swift in Sources */,
				03BBE60C1F14BF1B00DCA734 /* API.swift in Sources */,
				03BBE60B1F14BF1B00DCA734 /* Font.swift in Sources */,
				03BBE6131F14CA0800DCA734 /* Color.swift in Sources */,
			);
			runOnlyForDeploymentPostprocessing = 0;
		};
/* End PBXSourcesBuildPhase section */

/* Begin PBXVariantGroup section */
		03BBE5EE1F14BA1000DCA734 /* Main.storyboard */ = {
			isa = PBXVariantGroup;
			children = (
				03BBE5EF1F14BA1000DCA734 /* Base */,
			);
			name = Main.storyboard;
			sourceTree = "<group>";
		};
		03BBE5F31F14BA1000DCA734 /* LaunchScreen.storyboard */ = {
			isa = PBXVariantGroup;
			children = (
				03BBE5F41F14BA1000DCA734 /* Base */,
			);
			name = LaunchScreen.storyboard;
			sourceTree = "<group>";
		};
/* End PBXVariantGroup section */

/* Begin XCBuildConfiguration section */
		03BBE5F71F14BA1000DCA734 /* Debug */ = {
			isa = XCBuildConfiguration;
			buildSettings = {
				ALWAYS_SEARCH_USER_PATHS = NO;
				CLANG_ANALYZER_NONNULL = YES;
				CLANG_ANALYZER_NUMBER_OBJECT_CONVERSION = YES_AGGRESSIVE;
				CLANG_CXX_LANGUAGE_STANDARD = "gnu++0x";
				CLANG_CXX_LIBRARY = "libc++";
				CLANG_ENABLE_MODULES = YES;
				CLANG_ENABLE_OBJC_ARC = YES;
				CLANG_WARN_BOOL_CONVERSION = YES;
				CLANG_WARN_CONSTANT_CONVERSION = YES;
				CLANG_WARN_DIRECT_OBJC_ISA_USAGE = YES_ERROR;
				CLANG_WARN_DOCUMENTATION_COMMENTS = YES;
				CLANG_WARN_EMPTY_BODY = YES;
				CLANG_WARN_ENUM_CONVERSION = YES;
				CLANG_WARN_INFINITE_RECURSION = YES;
				CLANG_WARN_INT_CONVERSION = YES;
				CLANG_WARN_OBJC_ROOT_CLASS = YES_ERROR;
				CLANG_WARN_SUSPICIOUS_MOVE = YES;
				CLANG_WARN_UNREACHABLE_CODE = YES;
				CLANG_WARN__DUPLICATE_METHOD_MATCH = YES;
				"CODE_SIGN_IDENTITY[sdk=iphoneos*]" = "iPhone Developer";
				COPY_PHASE_STRIP = NO;
				DEBUG_INFORMATION_FORMAT = dwarf;
				ENABLE_STRICT_OBJC_MSGSEND = YES;
				ENABLE_TESTABILITY = YES;
				GCC_C_LANGUAGE_STANDARD = gnu99;
				GCC_DYNAMIC_NO_PIC = NO;
				GCC_NO_COMMON_BLOCKS = YES;
				GCC_OPTIMIZATION_LEVEL = 0;
				GCC_PREPROCESSOR_DEFINITIONS = (
					"DEBUG=1",
					"$(inherited)",
				);
				GCC_WARN_64_TO_32_BIT_CONVERSION = YES;
				GCC_WARN_ABOUT_RETURN_TYPE = YES_ERROR;
				GCC_WARN_UNDECLARED_SELECTOR = YES;
				GCC_WARN_UNINITIALIZED_AUTOS = YES_AGGRESSIVE;
				GCC_WARN_UNUSED_FUNCTION = YES;
				GCC_WARN_UNUSED_VARIABLE = YES;
				IPHONEOS_DEPLOYMENT_TARGET = 10.3;
				MTL_ENABLE_DEBUG_INFO = YES;
				ONLY_ACTIVE_ARCH = YES;
				SDKROOT = iphoneos;
				SWIFT_ACTIVE_COMPILATION_CONDITIONS = DEBUG;
				SWIFT_OPTIMIZATION_LEVEL = "-Onone";
			};
			name = Debug;
		};
		03BBE5F81F14BA1000DCA734 /* Release */ = {
			isa = XCBuildConfiguration;
			buildSettings = {
				ALWAYS_SEARCH_USER_PATHS = NO;
				CLANG_ANALYZER_NONNULL = YES;
				CLANG_ANALYZER_NUMBER_OBJECT_CONVERSION = YES_AGGRESSIVE;
				CLANG_CXX_LANGUAGE_STANDARD = "gnu++0x";
				CLANG_CXX_LIBRARY = "libc++";
				CLANG_ENABLE_MODULES = YES;
				CLANG_ENABLE_OBJC_ARC = YES;
				CLANG_WARN_BOOL_CONVERSION = YES;
				CLANG_WARN_CONSTANT_CONVERSION = YES;
				CLANG_WARN_DIRECT_OBJC_ISA_USAGE = YES_ERROR;
				CLANG_WARN_DOCUMENTATION_COMMENTS = YES;
				CLANG_WARN_EMPTY_BODY = YES;
				CLANG_WARN_ENUM_CONVERSION = YES;
				CLANG_WARN_INFINITE_RECURSION = YES;
				CLANG_WARN_INT_CONVERSION = YES;
				CLANG_WARN_OBJC_ROOT_CLASS = YES_ERROR;
				CLANG_WARN_SUSPICIOUS_MOVE = YES;
				CLANG_WARN_UNREACHABLE_CODE = YES;
				CLANG_WARN__DUPLICATE_METHOD_MATCH = YES;
				"CODE_SIGN_IDENTITY[sdk=iphoneos*]" = "iPhone Developer";
				COPY_PHASE_STRIP = NO;
				DEBUG_INFORMATION_FORMAT = "dwarf-with-dsym";
				ENABLE_NS_ASSERTIONS = NO;
				ENABLE_STRICT_OBJC_MSGSEND = YES;
				GCC_C_LANGUAGE_STANDARD = gnu99;
				GCC_NO_COMMON_BLOCKS = YES;
				GCC_WARN_64_TO_32_BIT_CONVERSION = YES;
				GCC_WARN_ABOUT_RETURN_TYPE = YES_ERROR;
				GCC_WARN_UNDECLARED_SELECTOR = YES;
				GCC_WARN_UNINITIALIZED_AUTOS = YES_AGGRESSIVE;
				GCC_WARN_UNUSED_FUNCTION = YES;
				GCC_WARN_UNUSED_VARIABLE = YES;
				IPHONEOS_DEPLOYMENT_TARGET = 10.3;
				MTL_ENABLE_DEBUG_INFO = NO;
				SDKROOT = iphoneos;
				SWIFT_OPTIMIZATION_LEVEL = "-Owholemodule";
				VALIDATE_PRODUCT = YES;
			};
			name = Release;
		};
		03BBE5FA1F14BA1000DCA734 /* Debug */ = {
			isa = XCBuildConfiguration;
			baseConfigurationReference = DBC64AEF4E4BEF9CBC10D997 /* Pods-TemplateSwift.debug.xcconfig */;
			buildSettings = {
				ASSETCATALOG_COMPILER_APPICON_NAME = AppIcon;
				DEVELOPMENT_TEAM = Q73CZ5PD5M;
				INFOPLIST_FILE = TemplateSwift/Info.plist;
				LD_RUNPATH_SEARCH_PATHS = "$(inherited) @executable_path/Frameworks";
				PRODUCT_BUNDLE_IDENTIFIER = lvmtam.TemplateSwift;
				PRODUCT_NAME = "$(TARGET_NAME)";
				SWIFT_VERSION = 3.0;
			};
			name = Debug;
		};
		03BBE5FB1F14BA1000DCA734 /* Release */ = {
			isa = XCBuildConfiguration;
			baseConfigurationReference = 8A62AE367E1E9A4F8F1490B1 /* Pods-TemplateSwift.release.xcconfig */;
			buildSettings = {
				ASSETCATALOG_COMPILER_APPICON_NAME = AppIcon;
				DEVELOPMENT_TEAM = Q73CZ5PD5M;
				INFOPLIST_FILE = TemplateSwift/Info.plist;
				LD_RUNPATH_SEARCH_PATHS = "$(inherited) @executable_path/Frameworks";
				PRODUCT_BUNDLE_IDENTIFIER = lvmtam.TemplateSwift;
				PRODUCT_NAME = "$(TARGET_NAME)";
				SWIFT_VERSION = 3.0;
			};
			name = Release;
		};
/* End XCBuildConfiguration section */

/* Begin XCConfigurationList section */
		03BBE5E21F14BA1000DCA734 /* Build configuration list for PBXProject "TemplateSwift" */ = {
			isa = XCConfigurationList;
			buildConfigurations = (
				03BBE5F71F14BA1000DCA734 /* Debug */,
				03BBE5F81F14BA1000DCA734 /* Release */,
			);
			defaultConfigurationIsVisible = 0;
			defaultConfigurationName = Release;
		};
		03BBE5F91F14BA1000DCA734 /* Build configuration list for PBXNativeTarget "TemplateSwift" */ = {
			isa = XCConfigurationList;
			buildConfigurations = (
				03BBE5FA1F14BA1000DCA734 /* Debug */,
				03BBE5FB1F14BA1000DCA734 /* Release */,
			);
			defaultConfigurationIsVisible = 0;
			defaultConfigurationName = Release;
		};
/* End XCConfigurationList section */
	};
	rootObject = 03BBE5DF1F14BA1000DCA734 /* Project object */;
}
